// !$*UTF8*$!
{
	archiveVersion = 1;
	classes = {
	};
	objectVersion = 46;
	objects = {

/* Begin PBXBuildFile section */
		755460FD17C88330009E5BE4 /* Parse.framework in Frameworks */ = {isa = PBXBuildFile; fileRef = 755460FC17C88330009E5BE4 /* Parse.framework */; };
		758BB44E17C874D7003551EA /* UIKit.framework in Frameworks */ = {isa = PBXBuildFile; fileRef = 758BB44D17C874D7003551EA /* UIKit.framework */; };
		758BB45017C874D7003551EA /* Foundation.framework in Frameworks */ = {isa = PBXBuildFile; fileRef = 758BB44F17C874D7003551EA /* Foundation.framework */; };
		758BB45217C874D7003551EA /* CoreGraphics.framework in Frameworks */ = {isa = PBXBuildFile; fileRef = 758BB45117C874D7003551EA /* CoreGraphics.framework */; };
		758BB45417C874D7003551EA /* CoreData.framework in Frameworks */ = {isa = PBXBuildFile; fileRef = 758BB45317C874D7003551EA /* CoreData.framework */; };
		758BB45A17C874D7003551EA /* InfoPlist.strings in Resources */ = {isa = PBXBuildFile; fileRef = 758BB45817C874D7003551EA /* InfoPlist.strings */; };
		758BB45C17C874D7003551EA /* main.m in Sources */ = {isa = PBXBuildFile; fileRef = 758BB45B17C874D7003551EA /* main.m */; };
		758BB46017C874D7003551EA /* AppDelegate.m in Sources */ = {isa = PBXBuildFile; fileRef = 758BB45F17C874D7003551EA /* AppDelegate.m */; };
		758BB46217C874D7003551EA /* Default.png in Resources */ = {isa = PBXBuildFile; fileRef = 758BB46117C874D7003551EA /* Default.png */; };
		758BB46417C874D7003551EA /* Default@2x.png in Resources */ = {isa = PBXBuildFile; fileRef = 758BB46317C874D7003551EA /* Default@2x.png */; };
		758BB46617C874D7003551EA /* Default-568h@2x.png in Resources */ = {isa = PBXBuildFile; fileRef = 758BB46517C874D7003551EA /* Default-568h@2x.png */; };
		758BB46917C874D7003551EA /* WinWin.xcdatamodeld in Sources */ = {isa = PBXBuildFile; fileRef = 758BB46717C874D7003551EA /* WinWin.xcdatamodeld */; };
		75DC986D17C87920005FC7BC /* SystemConfiguration.framework in Frameworks */ = {isa = PBXBuildFile; fileRef = 75DC986B17C878E6005FC7BC /* SystemConfiguration.framework */; };
		75DC986E17C87920005FC7BC /* StoreKit.framework in Frameworks */ = {isa = PBXBuildFile; fileRef = 75DC986917C878DE005FC7BC /* StoreKit.framework */; };
		75DC986F17C87920005FC7BC /* Security.framework in Frameworks */ = {isa = PBXBuildFile; fileRef = 75DC986717C878D8005FC7BC /* Security.framework */; };
		75DC987017C87920005FC7BC /* QuartzCore.framework in Frameworks */ = {isa = PBXBuildFile; fileRef = 75DC986517C878D1005FC7BC /* QuartzCore.framework */; };
		75DC987117C87920005FC7BC /* MobileCoreServices.framework in Frameworks */ = {isa = PBXBuildFile; fileRef = 75DC986317C878C9005FC7BC /* MobileCoreServices.framework */; };
		75DC987217C87920005FC7BC /* libz.1.1.3.dylib in Frameworks */ = {isa = PBXBuildFile; fileRef = 75DC986117C878C0005FC7BC /* libz.1.1.3.dylib */; };
		75DC987317C87920005FC7BC /* CoreLocation.framework in Frameworks */ = {isa = PBXBuildFile; fileRef = 75DC985F17C878B7005FC7BC /* CoreLocation.framework */; };
		75DC987417C87920005FC7BC /* CFNetwork.framework in Frameworks */ = {isa = PBXBuildFile; fileRef = 75DC985D17C878A9005FC7BC /* CFNetwork.framework */; };
		75DC987517C87920005FC7BC /* AudioToolbox.framework in Frameworks */ = {isa = PBXBuildFile; fileRef = 75DC985B17C87895005FC7BC /* AudioToolbox.framework */; };
/* End PBXBuildFile section */

/* Begin PBXFileReference section */
		755460FC17C88330009E5BE4 /* Parse.framework */ = {isa = PBXFileReference; lastKnownFileType = wrapper.framework; name = Parse.framework; path = WinWin/Parse.framework; sourceTree = "<group>"; };
		758BB44A17C874D7003551EA /* WinWin.app */ = {isa = PBXFileReference; explicitFileType = wrapper.application; includeInIndex = 0; path = WinWin.app; sourceTree = BUILT_PRODUCTS_DIR; };
		758BB44D17C874D7003551EA /* UIKit.framework */ = {isa = PBXFileReference; lastKnownFileType = wrapper.framework; name = UIKit.framework; path = System/Library/Frameworks/UIKit.framework; sourceTree = SDKROOT; };
		758BB44F17C874D7003551EA /* Foundation.framework */ = {isa = PBXFileReference; lastKnownFileType = wrapper.framework; name = Foundation.framework; path = System/Library/Frameworks/Foundation.framework; sourceTree = SDKROOT; };
		758BB45117C874D7003551EA /* CoreGraphics.framework */ = {isa = PBXFileReference; lastKnownFileType = wrapper.framework; name = CoreGraphics.framework; path = System/Library/Frameworks/CoreGraphics.framework; sourceTree = SDKROOT; };
		758BB45317C874D7003551EA /* CoreData.framework */ = {isa = PBXFileReference; lastKnownFileType = wrapper.framework; name = CoreData.framework; path = System/Library/Frameworks/CoreData.framework; sourceTree = SDKROOT; };
		758BB45717C874D7003551EA /* WinWin-Info.plist */ = {isa = PBXFileReference; lastKnownFileType = text.plist.xml; path = "WinWin-Info.plist"; sourceTree = "<group>"; };
		758BB45917C874D7003551EA /* en */ = {isa = PBXFileReference; lastKnownFileType = text.plist.strings; name = en; path = en.lproj/InfoPlist.strings; sourceTree = "<group>"; };
		758BB45B17C874D7003551EA /* main.m */ = {isa = PBXFileReference; lastKnownFileType = sourcecode.c.objc; path = main.m; sourceTree = "<group>"; };
		758BB45D17C874D7003551EA /* WinWin-Prefix.pch */ = {isa = PBXFileReference; lastKnownFileType = sourcecode.c.h; path = "WinWin-Prefix.pch"; sourceTree = "<group>"; };
		758BB45E17C874D7003551EA /* AppDelegate.h */ = {isa = PBXFileReference; lastKnownFileType = sourcecode.c.h; path = AppDelegate.h; sourceTree = "<group>"; };
		758BB45F17C874D7003551EA /* AppDelegate.m */ = {isa = PBXFileReference; lastKnownFileType = sourcecode.c.objc; path = AppDelegate.m; sourceTree = "<group>"; };
		758BB46117C874D7003551EA /* Default.png */ = {isa = PBXFileReference; lastKnownFileType = image.png; path = Default.png; sourceTree = "<group>"; };
		758BB46317C874D7003551EA /* Default@2x.png */ = {isa = PBXFileReference; lastKnownFileType = image.png; path = "Default@2x.png"; sourceTree = "<group>"; };
		758BB46517C874D7003551EA /* Default-568h@2x.png */ = {isa = PBXFileReference; lastKnownFileType = image.png; path = "Default-568h@2x.png"; sourceTree = "<group>"; };
		758BB46817C874D7003551EA /* WinWin.xcdatamodel */ = {isa = PBXFileReference; lastKnownFileType = wrapper.xcdatamodel; path = WinWin.xcdatamodel; sourceTree = "<group>"; };
		75DC985B17C87895005FC7BC /* AudioToolbox.framework */ = {isa = PBXFileReference; lastKnownFileType = wrapper.framework; name = AudioToolbox.framework; path = System/Library/Frameworks/AudioToolbox.framework; sourceTree = SDKROOT; };
		75DC985D17C878A9005FC7BC /* CFNetwork.framework */ = {isa = PBXFileReference; lastKnownFileType = wrapper.framework; name = CFNetwork.framework; path = System/Library/Frameworks/CFNetwork.framework; sourceTree = SDKROOT; };
		75DC985F17C878B7005FC7BC /* CoreLocation.framework */ = {isa = PBXFileReference; lastKnownFileType = wrapper.framework; name = CoreLocation.framework; path = System/Library/Frameworks/CoreLocation.framework; sourceTree = SDKROOT; };
		75DC986117C878C0005FC7BC /* libz.1.1.3.dylib */ = {isa = PBXFileReference; lastKnownFileType = "compiled.mach-o.dylib"; name = libz.1.1.3.dylib; path = usr/lib/libz.1.1.3.dylib; sourceTree = SDKROOT; };
		75DC986317C878C9005FC7BC /* MobileCoreServices.framework */ = {isa = PBXFileReference; lastKnownFileType = wrapper.framework; name = MobileCoreServices.framework; path = System/Library/Frameworks/MobileCoreServices.framework; sourceTree = SDKROOT; };
		75DC986517C878D1005FC7BC /* QuartzCore.framework */ = {isa = PBXFileReference; lastKnownFileType = wrapper.framework; name = QuartzCore.framework; path = System/Library/Frameworks/QuartzCore.framework; sourceTree = SDKROOT; };
		75DC986717C878D8005FC7BC /* Security.framework */ = {isa = PBXFileReference; lastKnownFileType = wrapper.framework; name = Security.framework; path = System/Library/Frameworks/Security.framework; sourceTree = SDKROOT; };
		75DC986917C878DE005FC7BC /* StoreKit.framework */ = {isa = PBXFileReference; lastKnownFileType = wrapper.framework; name = StoreKit.framework; path = System/Library/Frameworks/StoreKit.framework; sourceTree = SDKROOT; };
		75DC986B17C878E6005FC7BC /* SystemConfiguration.framework */ = {isa = PBXFileReference; lastKnownFileType = wrapper.framework; name = SystemConfiguration.framework; path = System/Library/Frameworks/SystemConfiguration.framework; sourceTree = SDKROOT; };
/* End PBXFileReference section */

/* Begin PBXFrameworksBuildPhase section */
		758BB44717C874D7003551EA /* Frameworks */ = {
			isa = PBXFrameworksBuildPhase;
			buildActionMask = 2147483647;
			files = (
				75DC986D17C87920005FC7BC /* SystemConfiguration.framework in Frameworks */,
				75DC986E17C87920005FC7BC /* StoreKit.framework in Frameworks */,
				75DC986F17C87920005FC7BC /* Security.framework in Frameworks */,
				75DC987017C87920005FC7BC /* QuartzCore.framework in Frameworks */,
				75DC987117C87920005FC7BC /* MobileCoreServices.framework in Frameworks */,
				75DC987217C87920005FC7BC /* libz.1.1.3.dylib in Frameworks */,
				75DC987317C87920005FC7BC /* CoreLocation.framework in Frameworks */,
				75DC987417C87920005FC7BC /* CFNetwork.framework in Frameworks */,
				75DC987517C87920005FC7BC /* AudioToolbox.framework in Frameworks */,
				758BB45217C874D7003551EA /* CoreGraphics.framework in Frameworks */,
				758BB44E17C874D7003551EA /* UIKit.framework in Frameworks */,
				758BB45017C874D7003551EA /* Foundation.framework in Frameworks */,
				758BB45417C874D7003551EA /* CoreData.framework in Frameworks */,
				755460FD17C88330009E5BE4 /* Parse.framework in Frameworks */,
			);
			runOnlyForDeploymentPostprocessing = 0;
		};
/* End PBXFrameworksBuildPhase section */

/* Begin PBXGroup section */
		758BB44117C874D7003551EA = {
			isa = PBXGroup;
			children = (
				758BB45517C874D7003551EA /* WinWin */,
				758BB44C17C874D7003551EA /* Frameworks */,
				758BB44B17C874D7003551EA /* Products */,
			);
			sourceTree = "<group>";
		};
		758BB44B17C874D7003551EA /* Products */ = {
			isa = PBXGroup;
			children = (
				758BB44A17C874D7003551EA /* WinWin.app */,
			);
			name = Products;
			sourceTree = "<group>";
		};
		758BB44C17C874D7003551EA /* Frameworks */ = {
			isa = PBXGroup;
			children = (
				755460FC17C88330009E5BE4 /* Parse.framework */,
				75DC986B17C878E6005FC7BC /* SystemConfiguration.framework */,
				75DC986917C878DE005FC7BC /* StoreKit.framework */,
				75DC986717C878D8005FC7BC /* Security.framework */,
				75DC986517C878D1005FC7BC /* QuartzCore.framework */,
				75DC986317C878C9005FC7BC /* MobileCoreServices.framework */,
				75DC986117C878C0005FC7BC /* libz.1.1.3.dylib */,
				75DC985F17C878B7005FC7BC /* CoreLocation.framework */,
				75DC985D17C878A9005FC7BC /* CFNetwork.framework */,
				75DC985B17C87895005FC7BC /* AudioToolbox.framework */,
				758BB44D17C874D7003551EA /* UIKit.framework */,
				758BB44F17C874D7003551EA /* Foundation.framework */,
				758BB45117C874D7003551EA /* CoreGraphics.framework */,
				758BB45317C874D7003551EA /* CoreData.framework */,
			);
			name = Frameworks;
			sourceTree = "<group>";
		};
		758BB45517C874D7003551EA /* WinWin */ = {
			isa = PBXGroup;
			children = (
				758BB45E17C874D7003551EA /* AppDelegate.h */,
				758BB45F17C874D7003551EA /* AppDelegate.m */,
				758BB46717C874D7003551EA /* WinWin.xcdatamodeld */,
				758BB45617C874D7003551EA /* Supporting Files */,
			);
			path = WinWin;
			sourceTree = "<group>";
		};
		758BB45617C874D7003551EA /* Supporting Files */ = {
			isa = PBXGroup;
			children = (
				758BB45717C874D7003551EA /* WinWin-Info.plist */,
				758BB45817C874D7003551EA /* InfoPlist.strings */,
				758BB45B17C874D7003551EA /* main.m */,
				758BB45D17C874D7003551EA /* WinWin-Prefix.pch */,
				758BB46117C874D7003551EA /* Default.png */,
				758BB46317C874D7003551EA /* Default@2x.png */,
				758BB46517C874D7003551EA /* Default-568h@2x.png */,
			);
			name = "Supporting Files";
			sourceTree = "<group>";
		};
/* End PBXGroup section */

/* Begin PBXNativeTarget section */
		758BB44917C874D7003551EA /* WinWin */ = {
			isa = PBXNativeTarget;
			buildConfigurationList = 758BB46C17C874D7003551EA /* Build configuration list for PBXNativeTarget "WinWin" */;
			buildPhases = (
				758BB44617C874D7003551EA /* Sources */,
				758BB44717C874D7003551EA /* Frameworks */,
				758BB44817C874D7003551EA /* Resources */,
			);
			buildRules = (
			);
			dependencies = (
			);
			name = WinWin;
			productName = WinWin;
			productReference = 758BB44A17C874D7003551EA /* WinWin.app */;
			productType = "com.apple.product-type.application";
		};
/* End PBXNativeTarget section */

/* Begin PBXProject section */
		758BB44217C874D7003551EA /* Project object */ = {
			isa = PBXProject;
			attributes = {
				LastUpgradeCheck = 0460;
				ORGANIZATIONNAME = "Serdar Karatekin";
			};
			buildConfigurationList = 758BB44517C874D7003551EA /* Build configuration list for PBXProject "WinWin" */;
			compatibilityVersion = "Xcode 3.2";
			developmentRegion = English;
			hasScannedForEncodings = 0;
			knownRegions = (
				en,
			);
			mainGroup = 758BB44117C874D7003551EA;
			productRefGroup = 758BB44B17C874D7003551EA /* Products */;
			projectDirPath = "";
			projectRoot = "";
			targets = (
				758BB44917C874D7003551EA /* WinWin */,
			);
		};
/* End PBXProject section */

/* Begin PBXResourcesBuildPhase section */
		758BB44817C874D7003551EA /* Resources */ = {
			isa = PBXResourcesBuildPhase;
			buildActionMask = 2147483647;
			files = (
				758BB45A17C874D7003551EA /* InfoPlist.strings in Resources */,
				758BB46217C874D7003551EA /* Default.png in Resources */,
				758BB46417C874D7003551EA /* Default@2x.png in Resources */,
				758BB46617C874D7003551EA /* Default-568h@2x.png in Resources */,
			);
			runOnlyForDeploymentPostprocessing = 0;
		};
/* End PBXResourcesBuildPhase section */

/* Begin PBXSourcesBuildPhase section */
		758BB44617C874D7003551EA /* Sources */ = {
			isa = PBXSourcesBuildPhase;
			buildActionMask = 2147483647;
			files = (
				758BB45C17C874D7003551EA /* main.m in Sources */,
				758BB46017C874D7003551EA /* AppDelegate.m in Sources */,
				758BB46917C874D7003551EA /* WinWin.xcdatamodeld in Sources */,
			);
			runOnlyForDeploymentPostprocessing = 0;
		};
/* End PBXSourcesBuildPhase section */

/* Begin PBXVariantGroup section */
		758BB45817C874D7003551EA /* InfoPlist.strings */ = {
			isa = PBXVariantGroup;
			children = (
				758BB45917C874D7003551EA /* en */,
			);
			name = InfoPlist.strings;
			sourceTree = "<group>";
		};
/* End PBXVariantGroup section */

/* Begin XCBuildConfiguration section */
		758BB46A17C874D7003551EA /* Debug */ = {
			isa = XCBuildConfiguration;
			buildSettings = {
				ALWAYS_SEARCH_USER_PATHS = NO;
				CLANG_CXX_LANGUAGE_STANDARD = "gnu++0x";
				CLANG_CXX_LIBRARY = "libc++";
				CLANG_ENABLE_OBJC_ARC = YES;
				CLANG_WARN_CONSTANT_CONVERSION = YES;
				CLANG_WARN_EMPTY_BODY = YES;
				CLANG_WARN_ENUM_CONVERSION = YES;
				CLANG_WARN_INT_CONVERSION = YES;
				CLANG_WARN__DUPLICATE_METHOD_MATCH = YES;
				"CODE_SIGN_IDENTITY[sdk=iphoneos*]" = "iPhone Developer";
				COPY_PHASE_STRIP = NO;
				GCC_C_LANGUAGE_STANDARD = gnu99;
				GCC_DYNAMIC_NO_PIC = NO;
				GCC_OPTIMIZATION_LEVEL = 0;
				GCC_PREPROCESSOR_DEFINITIONS = (
					"DEBUG=1",
					"$(inherited)",
				);
				GCC_SYMBOLS_PRIVATE_EXTERN = NO;
				GCC_WARN_ABOUT_RETURN_TYPE = YES;
				GCC_WARN_UNINITIALIZED_AUTOS = YES;
				GCC_WARN_UNUSED_VARIABLE = YES;
				IPHONEOS_DEPLOYMENT_TARGET = 6.1;
				ONLY_ACTIVE_ARCH = YES;
				SDKROOT = iphoneos;
			};
			name = Debug;
		};
		758BB46B17C874D7003551EA /* Release */ = {
			isa = XCBuildConfiguration;
			buildSettings = {
				ALWAYS_SEARCH_USER_PATHS = NO;
				CLANG_CXX_LANGUAGE_STANDARD = "gnu++0x";
				CLANG_CXX_LIBRARY = "libc++";
				CLANG_ENABLE_OBJC_ARC = YES;
				CLANG_WARN_CONSTANT_CONVERSION = YES;
				CLANG_WARN_EMPTY_BODY = YES;
				CLANG_WARN_ENUM_CONVERSION = YES;
				CLANG_WARN_INT_CONVERSION = YES;
				CLANG_WARN__DUPLICATE_METHOD_MATCH = YES;
				"CODE_SIGN_IDENTITY[sdk=iphoneos*]" = "iPhone Developer";
				COPY_PHASE_STRIP = YES;
				GCC_C_LANGUAGE_STANDARD = gnu99;
				GCC_WARN_ABOUT_RETURN_TYPE = YES;
				GCC_WARN_UNINITIALIZED_AUTOS = YES;
				GCC_WARN_UNUSED_VARIABLE = YES;
				IPHONEOS_DEPLOYMENT_TARGET = 6.1;
				OTHER_CFLAGS = "-DNS_BLOCK_ASSERTIONS=1";
				SDKROOT = iphoneos;
				VALIDATE_PRODUCT = YES;
			};
			name = Release;
		};
		758BB46D17C874D7003551EA /* Debug */ = {
			isa = XCBuildConfiguration;
			buildSettings = {
				FRAMEWORK_SEARCH_PATHS = (
					"$(inherited)",
					"\"$(SRCROOT)\"",
					"\"$(SRCROOT)/WinWin\"",
				);
				GCC_PRECOMPILE_PREFIX_HEADER = YES;
				GCC_PREFIX_HEADER = "WinWin/WinWin-Prefix.pch";
				INFOPLIST_FILE = "WinWin/WinWin-Info.plist";
				PRODUCT_NAME = "$(TARGET_NAME)";
				TARGETED_DEVICE_FAMILY = 1;
				WRAPPER_EXTENSION = app;
			};
			name = Debug;
		};
		758BB46E17C874D7003551EA /* Release */ = {
			isa = XCBuildConfiguration;
			buildSettings = {
				FRAMEWORK_SEARCH_PATHS = (
					"$(inherited)",
					"\"$(SRCROOT)\"",
					"\"$(SRCROOT)/WinWin\"",
				);
				GCC_PRECOMPILE_PREFIX_HEADER = YES;
				GCC_PREFIX_HEADER = "WinWin/WinWin-Prefix.pch";
				INFOPLIST_FILE = "WinWin/WinWin-Info.plist";
				PRODUCT_NAME = "$(TARGET_NAME)";
				TARGETED_DEVICE_FAMILY = 1;
				WRAPPER_EXTENSION = app;
			};
			name = Release;
		};
/* End XCBuildConfiguration section */

/* Begin XCConfigurationList section */
		758BB44517C874D7003551EA /* Build configuration list for PBXProject "WinWin" */ = {
			isa = XCConfigurationList;
			buildConfigurations = (
				758BB46A17C874D7003551EA /* Debug */,
				758BB46B17C874D7003551EA /* Release */,
			);
			defaultConfigurationIsVisible = 0;
			defaultConfigurationName = Release;
		};
		758BB46C17C874D7003551EA /* Build configuration list for PBXNativeTarget "WinWin" */ = {
			isa = XCConfigurationList;
			buildConfigurations = (
				758BB46D17C874D7003551EA /* Debug */,
				758BB46E17C874D7003551EA /* Release */,
			);
			defaultConfigurationIsVisible = 0;
			defaultConfigurationName = Release;
		};
/* End XCConfigurationList section */

/* Begin XCVersionGroup section */
		758BB46717C874D7003551EA /* WinWin.xcdatamodeld */ = {
			isa = XCVersionGroup;
			children = (
				758BB46817C874D7003551EA /* WinWin.xcdatamodel */,
			);
			currentVersion = 758BB46817C874D7003551EA /* WinWin.xcdatamodel */;
			path = WinWin.xcdatamodeld;
			sourceTree = "<group>";
			versionGroupType = wrapper.xcdatamodel;
		};
/* End XCVersionGroup section */
	};
	rootObject = 758BB44217C874D7003551EA /* Project object */;
}
