// !$*UTF8*$!
{
	archiveVersion = 1;
	classes = {
	};
	objectVersion = 46;
	objects = {

/* Begin PBXBuildFile section */
		751ED89C17C88C840015F05B /* WinWinLoginViewController.m in Sources */ = {isa = PBXBuildFile; fileRef = 751ED89B17C88C840015F05B /* WinWinLoginViewController.m */; };
		751ED8A117C88DBE0015F05B /* WinWinSignUpViewController.m in Sources */ = {isa = PBXBuildFile; fileRef = 751ED8A017C88DBE0015F05B /* WinWinSignUpViewController.m */; };
		751ED8A517C890A10015F05B /* WinWinHomeViewController.m in Sources */ = {isa = PBXBuildFile; fileRef = 751ED8A317C890A10015F05B /* WinWinHomeViewController.m */; };
		751ED8A617C890A10015F05B /* WinWinHomeViewController.xib in Resources */ = {isa = PBXBuildFile; fileRef = 751ED8A417C890A10015F05B /* WinWinHomeViewController.xib */; };
		751ED8A917C8A4880015F05B /* FacebookSDK.framework in Frameworks */ = {isa = PBXBuildFile; fileRef = 751ED8A817C8A4880015F05B /* FacebookSDK.framework */; };
		755460FD17C88330009E5BE4 /* Parse.framework in Frameworks */ = {isa = PBXBuildFile; fileRef = 755460FC17C88330009E5BE4 /* Parse.framework */; };
		758BB44E17C874D7003551EA /* UIKit.framework in Frameworks */ = {isa = PBXBuildFile; fileRef = 758BB44D17C874D7003551EA /* UIKit.framework */; };
		758BB45017C874D7003551EA /* Foundation.framework in Frameworks */ = {isa = PBXBuildFile; fileRef = 758BB44F17C874D7003551EA /* Foundation.framework */; };
		758BB45217C874D7003551EA /* CoreGraphics.framework in Frameworks */ = {isa = PBXBuildFile; fileRef = 758BB45117C874D7003551EA /* CoreGraphics.framework */; };
		758BB45417C874D7003551EA /* CoreData.framework in Frameworks */ = {isa = PBXBuildFile; fileRef = 758BB45317C874D7003551EA /* CoreData.framework */; };
		758BB45A17C874D7003551EA /* InfoPlist.strings in Resources */ = {isa = PBXBuildFile; fileRef = 758BB45817C874D7003551EA /* InfoPlist.strings */; };
		758BB45C17C874D7003551EA /* main.m in Sources */ = {isa = PBXBuildFile; fileRef = 758BB45B17C874D7003551EA /* main.m */; };
		758BB46017C874D7003551EA /* AppDelegate.m in Sources */ = {isa = PBXBuildFile; fileRef = 758BB45F17C874D7003551EA /* AppDelegate.m */; };
		758BB46217C874D7003551EA /* Default.png in Resources */ = {isa = PBXBuildFile; fileRef = 758BB46117C874D7003551EA /* Default.png */; };
		758BB46417C874D7003551EA /* Default@2x.png in Resources */ = {isa = PBXBuildFile; fileRef = 758BB46317C874D7003551EA /* Default@2x.png */; };
		758BB46617C874D7003551EA /* Default-568h@2x.png in Resources */ = {isa = PBXBuildFile; fileRef = 758BB46517C874D7003551EA /* Default-568h@2x.png */; };
		758BB46917C874D7003551EA /* WinWin.xcdatamodeld in Sources */ = {isa = PBXBuildFile; fileRef = 758BB46717C874D7003551EA /* WinWin.xcdatamodeld */; };
		7590C60F17C98129003E147C /* AFHTTPClient.m in Sources */ = {isa = PBXBuildFile; fileRef = 7590C5FD17C98129003E147C /* AFHTTPClient.m */; };
		7590C61017C98129003E147C /* AFHTTPRequestOperation.m in Sources */ = {isa = PBXBuildFile; fileRef = 7590C5FF17C98129003E147C /* AFHTTPRequestOperation.m */; };
		7590C61117C98129003E147C /* AFImageRequestOperation.m in Sources */ = {isa = PBXBuildFile; fileRef = 7590C60117C98129003E147C /* AFImageRequestOperation.m */; };
		7590C61217C98129003E147C /* AFJSONRequestOperation.m in Sources */ = {isa = PBXBuildFile; fileRef = 7590C60317C98129003E147C /* AFJSONRequestOperation.m */; };
		7590C61317C98129003E147C /* AFNetworkActivityIndicatorManager.m in Sources */ = {isa = PBXBuildFile; fileRef = 7590C60517C98129003E147C /* AFNetworkActivityIndicatorManager.m */; };
		7590C61417C98129003E147C /* AFPropertyListRequestOperation.m in Sources */ = {isa = PBXBuildFile; fileRef = 7590C60817C98129003E147C /* AFPropertyListRequestOperation.m */; };
		7590C61517C98129003E147C /* AFURLConnectionOperation.m in Sources */ = {isa = PBXBuildFile; fileRef = 7590C60A17C98129003E147C /* AFURLConnectionOperation.m */; };
		7590C61617C98129003E147C /* AFXMLRequestOperation.m in Sources */ = {isa = PBXBuildFile; fileRef = 7590C60C17C98129003E147C /* AFXMLRequestOperation.m */; };
		7590C61717C98129003E147C /* UIImageView+AFNetworking.m in Sources */ = {isa = PBXBuildFile; fileRef = 7590C60E17C98129003E147C /* UIImageView+AFNetworking.m */; };
		7590C61C17C98159003E147C /* WinWinPayPalWebViewController.m in Sources */ = {isa = PBXBuildFile; fileRef = 7590C61A17C98159003E147C /* WinWinPayPalWebViewController.m */; };
		7590C61D17C98159003E147C /* WinWinPayPalWebViewController.xib in Resources */ = {isa = PBXBuildFile; fileRef = 7590C61B17C98159003E147C /* WinWinPayPalWebViewController.xib */; };
		75924A8617C9190B00010F9A /* libPayPalMobile.a in Frameworks */ = {isa = PBXBuildFile; fileRef = 75924A8217C9190B00010F9A /* libPayPalMobile.a */; };
		75924A8A17C919BD00010F9A /* AVFoundation.framework in Frameworks */ = {isa = PBXBuildFile; fileRef = 75924A8817C919AC00010F9A /* AVFoundation.framework */; };
		75924A8C17C919C700010F9A /* CoreMedia.framework in Frameworks */ = {isa = PBXBuildFile; fileRef = 75924A8B17C919C700010F9A /* CoreMedia.framework */; };
		75924A8E17C919D200010F9A /* CoreVideo.framework in Frameworks */ = {isa = PBXBuildFile; fileRef = 75924A8D17C919D200010F9A /* CoreVideo.framework */; };
		75924A9017C919E000010F9A /* libxml2.dylib in Frameworks */ = {isa = PBXBuildFile; fileRef = 75924A8F17C919E000010F9A /* libxml2.dylib */; };
		75924A9217C919E800010F9A /* MessageUI.framework in Frameworks */ = {isa = PBXBuildFile; fileRef = 75924A9117C919E800010F9A /* MessageUI.framework */; };
		75924A9417C91A2900010F9A /* OpenGLES.framework in Frameworks */ = {isa = PBXBuildFile; fileRef = 75924A9317C91A2900010F9A /* OpenGLES.framework */; };
		75B5917E17CA15EE00DC664B /* Icon-72.png in Resources */ = {isa = PBXBuildFile; fileRef = 75B5917417CA15EE00DC664B /* Icon-72.png */; };
		75B5917F17CA15EE00DC664B /* Icon-72@2x.png in Resources */ = {isa = PBXBuildFile; fileRef = 75B5917517CA15EE00DC664B /* Icon-72@2x.png */; };
		75B5918017CA15EE00DC664B /* Icon-Small-50.png in Resources */ = {isa = PBXBuildFile; fileRef = 75B5917617CA15EE00DC664B /* Icon-Small-50.png */; };
		75B5918117CA15EE00DC664B /* Icon-Small-50@2x.png in Resources */ = {isa = PBXBuildFile; fileRef = 75B5917717CA15EE00DC664B /* Icon-Small-50@2x.png */; };
		75B5918217CA15EE00DC664B /* Icon-Small.png in Resources */ = {isa = PBXBuildFile; fileRef = 75B5917817CA15EE00DC664B /* Icon-Small.png */; };
		75B5918317CA15EE00DC664B /* Icon-Small@2x.png in Resources */ = {isa = PBXBuildFile; fileRef = 75B5917917CA15EE00DC664B /* Icon-Small@2x.png */; };
		75B5918417CA15EE00DC664B /* Icon.png in Resources */ = {isa = PBXBuildFile; fileRef = 75B5917A17CA15EE00DC664B /* Icon.png */; };
		75B5918517CA15EE00DC664B /* Icon@2x.png in Resources */ = {isa = PBXBuildFile; fileRef = 75B5917B17CA15EE00DC664B /* Icon@2x.png */; };
		75B5918617CA15EE00DC664B /* iTunesArtwork.png in Resources */ = {isa = PBXBuildFile; fileRef = 75B5917C17CA15EE00DC664B /* iTunesArtwork.png */; };
		75B5918717CA15EE00DC664B /* iTunesArtwork@2x.png in Resources */ = {isa = PBXBuildFile; fileRef = 75B5917D17CA15EE00DC664B /* iTunesArtwork@2x.png */; };
		75B5918917CA17BB00DC664B /* twitter-logo.png in Resources */ = {isa = PBXBuildFile; fileRef = 75B5918817CA17BB00DC664B /* twitter-logo.png */; };
		75B5918E17CA1A7400DC664B /* signup@2px.png in Resources */ = {isa = PBXBuildFile; fileRef = 75B5918C17CA1A7400DC664B /* signup@2px.png */; };
		75B5919017CA1B2900DC664B /* signup.png in Resources */ = {isa = PBXBuildFile; fileRef = 75B5918F17CA1B2900DC664B /* signup.png */; };
		75B5919217CA1B4E00DC664B /* signup-bg.png in Resources */ = {isa = PBXBuildFile; fileRef = 75B5919117CA1B4E00DC664B /* signup-bg.png */; };
		75B5919417CA1B5E00DC664B /* signup-bg@2x.png in Resources */ = {isa = PBXBuildFile; fileRef = 75B5919317CA1B5E00DC664B /* signup-bg@2x.png */; };
		75B5919717CA1CB100DC664B /* winwin-logo.png in Resources */ = {isa = PBXBuildFile; fileRef = 75B5919517CA1CB100DC664B /* winwin-logo.png */; };
		75B5919817CA1CB100DC664B /* winwin-logo@2x.png in Resources */ = {isa = PBXBuildFile; fileRef = 75B5919617CA1CB100DC664B /* winwin-logo@2x.png */; };
		75B5919B17CA208E00DC664B /* facebook-logo.png in Resources */ = {isa = PBXBuildFile; fileRef = 75B5919917CA208E00DC664B /* facebook-logo.png */; };
		75B5919C17CA208E00DC664B /* facebook-logo@2x.png in Resources */ = {isa = PBXBuildFile; fileRef = 75B5919A17CA208E00DC664B /* facebook-logo@2x.png */; };
		75B5919E17CA214700DC664B /* twitter-logo@2x.png in Resources */ = {isa = PBXBuildFile; fileRef = 75B5919D17CA214700DC664B /* twitter-logo@2x.png */; };
		75B591A017CA234900DC664B /* login-bg.png in Resources */ = {isa = PBXBuildFile; fileRef = 75B5919F17CA234900DC664B /* login-bg.png */; };
		75B591A217CA235400DC664B /* login-bg@2x.png in Resources */ = {isa = PBXBuildFile; fileRef = 75B591A117CA235400DC664B /* login-bg@2x.png */; };
		75B591A417CA290D00DC664B /* winwin-detail-bg.png in Resources */ = {isa = PBXBuildFile; fileRef = 75B591A317CA290D00DC664B /* winwin-detail-bg.png */; };
		75B591A617CA291500DC664B /* winwin-detail-bg@2x.png in Resources */ = {isa = PBXBuildFile; fileRef = 75B591A517CA291500DC664B /* winwin-detail-bg@2x.png */; };
		75DC986D17C87920005FC7BC /* SystemConfiguration.framework in Frameworks */ = {isa = PBXBuildFile; fileRef = 75DC986B17C878E6005FC7BC /* SystemConfiguration.framework */; };
		75DC986E17C87920005FC7BC /* StoreKit.framework in Frameworks */ = {isa = PBXBuildFile; fileRef = 75DC986917C878DE005FC7BC /* StoreKit.framework */; };
		75DC986F17C87920005FC7BC /* Security.framework in Frameworks */ = {isa = PBXBuildFile; fileRef = 75DC986717C878D8005FC7BC /* Security.framework */; };
		75DC987017C87920005FC7BC /* QuartzCore.framework in Frameworks */ = {isa = PBXBuildFile; fileRef = 75DC986517C878D1005FC7BC /* QuartzCore.framework */; };
		75DC987117C87920005FC7BC /* MobileCoreServices.framework in Frameworks */ = {isa = PBXBuildFile; fileRef = 75DC986317C878C9005FC7BC /* MobileCoreServices.framework */; };
		75DC987217C87920005FC7BC /* libz.1.1.3.dylib in Frameworks */ = {isa = PBXBuildFile; fileRef = 75DC986117C878C0005FC7BC /* libz.1.1.3.dylib */; };
		75DC987317C87920005FC7BC /* CoreLocation.framework in Frameworks */ = {isa = PBXBuildFile; fileRef = 75DC985F17C878B7005FC7BC /* CoreLocation.framework */; };
		75DC987417C87920005FC7BC /* CFNetwork.framework in Frameworks */ = {isa = PBXBuildFile; fileRef = 75DC985D17C878A9005FC7BC /* CFNetwork.framework */; };
		75DC987517C87920005FC7BC /* AudioToolbox.framework in Frameworks */ = {isa = PBXBuildFile; fileRef = 75DC985B17C87895005FC7BC /* AudioToolbox.framework */; };
		EF0066C117C99ACE00F7F91D /* share-highlight.png in Resources */ = {isa = PBXBuildFile; fileRef = EF0066B917C99ACE00F7F91D /* share-highlight.png */; };
		EF0066C217C99ACE00F7F91D /* dollar-highlight@2x.png in Resources */ = {isa = PBXBuildFile; fileRef = EF0066BA17C99ACE00F7F91D /* dollar-highlight@2x.png */; };
		EF0066C317C99ACE00F7F91D /* pencil-highlight.png in Resources */ = {isa = PBXBuildFile; fileRef = EF0066BB17C99ACE00F7F91D /* pencil-highlight.png */; };
		EF0066C417C99ACE00F7F91D /* pencil-highlight@2x.png in Resources */ = {isa = PBXBuildFile; fileRef = EF0066BC17C99ACE00F7F91D /* pencil-highlight@2x.png */; };
		EF0066C517C99ACE00F7F91D /* clock-highlight.png in Resources */ = {isa = PBXBuildFile; fileRef = EF0066BD17C99ACE00F7F91D /* clock-highlight.png */; };
		EF0066C617C99ACE00F7F91D /* share-highlight@2x.png in Resources */ = {isa = PBXBuildFile; fileRef = EF0066BE17C99ACE00F7F91D /* share-highlight@2x.png */; };
		EF0066C717C99ACE00F7F91D /* clock-highlight@2x.png in Resources */ = {isa = PBXBuildFile; fileRef = EF0066BF17C99ACE00F7F91D /* clock-highlight@2x.png */; };
		EF0066C817C99ACE00F7F91D /* dollar-highlight.png in Resources */ = {isa = PBXBuildFile; fileRef = EF0066C017C99ACE00F7F91D /* dollar-highlight.png */; };
		EF0066CB17C9A84B00F7F91D /* UIView+FirstResponder.m in Sources */ = {isa = PBXBuildFile; fileRef = EF0066CA17C9A84B00F7F91D /* UIView+FirstResponder.m */; };
		EF33558117C9429D00F94AA9 /* plus@2x.png in Resources */ = {isa = PBXBuildFile; fileRef = EF33557F17C9429D00F94AA9 /* plus@2x.png */; };
		EF33558217C9429D00F94AA9 /* plus.png in Resources */ = {isa = PBXBuildFile; fileRef = EF33558017C9429D00F94AA9 /* plus.png */; };
		EF4773F017C9652600FAB1F2 /* AddWinView.m in Sources */ = {isa = PBXBuildFile; fileRef = EF4773EF17C9652600FAB1F2 /* AddWinView.m */; };
		EF4773F217C9653B00FAB1F2 /* AddWinView.xib in Resources */ = {isa = PBXBuildFile; fileRef = EF4773F117C9653B00FAB1F2 /* AddWinView.xib */; };
		EF4773FB17C97E0A00FAB1F2 /* pencil.png in Resources */ = {isa = PBXBuildFile; fileRef = EF4773F317C97E0A00FAB1F2 /* pencil.png */; };
		EF4773FC17C97E0A00FAB1F2 /* pencil@2x.png in Resources */ = {isa = PBXBuildFile; fileRef = EF4773F417C97E0A00FAB1F2 /* pencil@2x.png */; };
		EF4773FD17C97E0A00FAB1F2 /* clock@2x.png in Resources */ = {isa = PBXBuildFile; fileRef = EF4773F517C97E0A00FAB1F2 /* clock@2x.png */; };
		EF4773FE17C97E0A00FAB1F2 /* clock.png in Resources */ = {isa = PBXBuildFile; fileRef = EF4773F617C97E0A00FAB1F2 /* clock.png */; };
		EF4773FF17C97E0A00FAB1F2 /* dollar.png in Resources */ = {isa = PBXBuildFile; fileRef = EF4773F717C97E0A00FAB1F2 /* dollar.png */; };
		EF47740017C97E0A00FAB1F2 /* share@2x.png in Resources */ = {isa = PBXBuildFile; fileRef = EF4773F817C97E0A00FAB1F2 /* share@2x.png */; };
		EF47740117C97E0A00FAB1F2 /* dollar@2x.png in Resources */ = {isa = PBXBuildFile; fileRef = EF4773F917C97E0A00FAB1F2 /* dollar@2x.png */; };
		EF47740217C97E0A00FAB1F2 /* share.png in Resources */ = {isa = PBXBuildFile; fileRef = EF4773FA17C97E0A00FAB1F2 /* share.png */; };
		EFFE879D17C95091002F9402 /* WinWinListViewController.m in Sources */ = {isa = PBXBuildFile; fileRef = EFFE879C17C95091002F9402 /* WinWinListViewController.m */; };
		EFFE87A117C955E8002F9402 /* WinWinDetailViewController.m in Sources */ = {isa = PBXBuildFile; fileRef = EFFE879F17C955E8002F9402 /* WinWinDetailViewController.m */; };
		EFFE87A217C955E8002F9402 /* WinWinDetailViewController.xib in Resources */ = {isa = PBXBuildFile; fileRef = EFFE87A017C955E8002F9402 /* WinWinDetailViewController.xib */; };
/* End PBXBuildFile section */

/* Begin PBXFileReference section */
		751ED89A17C88C840015F05B /* WinWinLoginViewController.h */ = {isa = PBXFileReference; fileEncoding = 4; lastKnownFileType = sourcecode.c.h; path = WinWinLoginViewController.h; sourceTree = "<group>"; };
		751ED89B17C88C840015F05B /* WinWinLoginViewController.m */ = {isa = PBXFileReference; fileEncoding = 4; lastKnownFileType = sourcecode.c.objc; path = WinWinLoginViewController.m; sourceTree = "<group>"; };
		751ED89F17C88DBE0015F05B /* WinWinSignUpViewController.h */ = {isa = PBXFileReference; fileEncoding = 4; lastKnownFileType = sourcecode.c.h; path = WinWinSignUpViewController.h; sourceTree = "<group>"; };
		751ED8A017C88DBE0015F05B /* WinWinSignUpViewController.m */ = {isa = PBXFileReference; fileEncoding = 4; lastKnownFileType = sourcecode.c.objc; path = WinWinSignUpViewController.m; sourceTree = "<group>"; };
		751ED8A217C890A10015F05B /* WinWinHomeViewController.h */ = {isa = PBXFileReference; fileEncoding = 4; lastKnownFileType = sourcecode.c.h; path = WinWinHomeViewController.h; sourceTree = "<group>"; };
		751ED8A317C890A10015F05B /* WinWinHomeViewController.m */ = {isa = PBXFileReference; fileEncoding = 4; lastKnownFileType = sourcecode.c.objc; path = WinWinHomeViewController.m; sourceTree = "<group>"; };
		751ED8A417C890A10015F05B /* WinWinHomeViewController.xib */ = {isa = PBXFileReference; fileEncoding = 4; lastKnownFileType = file.xib; path = WinWinHomeViewController.xib; sourceTree = "<group>"; };
		751ED8A817C8A4880015F05B /* FacebookSDK.framework */ = {isa = PBXFileReference; lastKnownFileType = wrapper.framework; name = FacebookSDK.framework; path = WinWin/FacebookSDK.framework; sourceTree = "<group>"; };
		755460FC17C88330009E5BE4 /* Parse.framework */ = {isa = PBXFileReference; lastKnownFileType = wrapper.framework; name = Parse.framework; path = WinWin/Parse.framework; sourceTree = "<group>"; };
		758BB44A17C874D7003551EA /* WinWin.app */ = {isa = PBXFileReference; explicitFileType = wrapper.application; includeInIndex = 0; path = WinWin.app; sourceTree = BUILT_PRODUCTS_DIR; };
		758BB44D17C874D7003551EA /* UIKit.framework */ = {isa = PBXFileReference; lastKnownFileType = wrapper.framework; name = UIKit.framework; path = System/Library/Frameworks/UIKit.framework; sourceTree = SDKROOT; };
		758BB44F17C874D7003551EA /* Foundation.framework */ = {isa = PBXFileReference; lastKnownFileType = wrapper.framework; name = Foundation.framework; path = System/Library/Frameworks/Foundation.framework; sourceTree = SDKROOT; };
		758BB45117C874D7003551EA /* CoreGraphics.framework */ = {isa = PBXFileReference; lastKnownFileType = wrapper.framework; name = CoreGraphics.framework; path = System/Library/Frameworks/CoreGraphics.framework; sourceTree = SDKROOT; };
		758BB45317C874D7003551EA /* CoreData.framework */ = {isa = PBXFileReference; lastKnownFileType = wrapper.framework; name = CoreData.framework; path = System/Library/Frameworks/CoreData.framework; sourceTree = SDKROOT; };
		758BB45717C874D7003551EA /* WinWin-Info.plist */ = {isa = PBXFileReference; lastKnownFileType = text.plist.xml; path = "WinWin-Info.plist"; sourceTree = "<group>"; };
		758BB45917C874D7003551EA /* en */ = {isa = PBXFileReference; lastKnownFileType = text.plist.strings; name = en; path = en.lproj/InfoPlist.strings; sourceTree = "<group>"; };
		758BB45B17C874D7003551EA /* main.m */ = {isa = PBXFileReference; lastKnownFileType = sourcecode.c.objc; path = main.m; sourceTree = "<group>"; };
		758BB45D17C874D7003551EA /* WinWin-Prefix.pch */ = {isa = PBXFileReference; lastKnownFileType = sourcecode.c.h; path = "WinWin-Prefix.pch"; sourceTree = "<group>"; };
		758BB45E17C874D7003551EA /* AppDelegate.h */ = {isa = PBXFileReference; lastKnownFileType = sourcecode.c.h; path = AppDelegate.h; sourceTree = "<group>"; };
		758BB45F17C874D7003551EA /* AppDelegate.m */ = {isa = PBXFileReference; lastKnownFileType = sourcecode.c.objc; path = AppDelegate.m; sourceTree = "<group>"; };
		758BB46117C874D7003551EA /* Default.png */ = {isa = PBXFileReference; lastKnownFileType = image.png; path = Default.png; sourceTree = "<group>"; };
		758BB46317C874D7003551EA /* Default@2x.png */ = {isa = PBXFileReference; lastKnownFileType = image.png; path = "Default@2x.png"; sourceTree = "<group>"; };
		758BB46517C874D7003551EA /* Default-568h@2x.png */ = {isa = PBXFileReference; lastKnownFileType = image.png; path = "Default-568h@2x.png"; sourceTree = "<group>"; };
		758BB46817C874D7003551EA /* WinWin.xcdatamodel */ = {isa = PBXFileReference; lastKnownFileType = wrapper.xcdatamodel; path = WinWin.xcdatamodel; sourceTree = "<group>"; };
		7590C5FC17C98129003E147C /* AFHTTPClient.h */ = {isa = PBXFileReference; fileEncoding = 4; lastKnownFileType = sourcecode.c.h; path = AFHTTPClient.h; sourceTree = "<group>"; };
		7590C5FD17C98129003E147C /* AFHTTPClient.m */ = {isa = PBXFileReference; fileEncoding = 4; lastKnownFileType = sourcecode.c.objc; path = AFHTTPClient.m; sourceTree = "<group>"; };
		7590C5FE17C98129003E147C /* AFHTTPRequestOperation.h */ = {isa = PBXFileReference; fileEncoding = 4; lastKnownFileType = sourcecode.c.h; path = AFHTTPRequestOperation.h; sourceTree = "<group>"; };
		7590C5FF17C98129003E147C /* AFHTTPRequestOperation.m */ = {isa = PBXFileReference; fileEncoding = 4; lastKnownFileType = sourcecode.c.objc; path = AFHTTPRequestOperation.m; sourceTree = "<group>"; };
		7590C60017C98129003E147C /* AFImageRequestOperation.h */ = {isa = PBXFileReference; fileEncoding = 4; lastKnownFileType = sourcecode.c.h; path = AFImageRequestOperation.h; sourceTree = "<group>"; };
		7590C60117C98129003E147C /* AFImageRequestOperation.m */ = {isa = PBXFileReference; fileEncoding = 4; lastKnownFileType = sourcecode.c.objc; path = AFImageRequestOperation.m; sourceTree = "<group>"; };
		7590C60217C98129003E147C /* AFJSONRequestOperation.h */ = {isa = PBXFileReference; fileEncoding = 4; lastKnownFileType = sourcecode.c.h; path = AFJSONRequestOperation.h; sourceTree = "<group>"; };
		7590C60317C98129003E147C /* AFJSONRequestOperation.m */ = {isa = PBXFileReference; fileEncoding = 4; lastKnownFileType = sourcecode.c.objc; path = AFJSONRequestOperation.m; sourceTree = "<group>"; };
		7590C60417C98129003E147C /* AFNetworkActivityIndicatorManager.h */ = {isa = PBXFileReference; fileEncoding = 4; lastKnownFileType = sourcecode.c.h; path = AFNetworkActivityIndicatorManager.h; sourceTree = "<group>"; };
		7590C60517C98129003E147C /* AFNetworkActivityIndicatorManager.m */ = {isa = PBXFileReference; fileEncoding = 4; lastKnownFileType = sourcecode.c.objc; path = AFNetworkActivityIndicatorManager.m; sourceTree = "<group>"; };
		7590C60617C98129003E147C /* AFNetworking.h */ = {isa = PBXFileReference; fileEncoding = 4; lastKnownFileType = sourcecode.c.h; path = AFNetworking.h; sourceTree = "<group>"; };
		7590C60717C98129003E147C /* AFPropertyListRequestOperation.h */ = {isa = PBXFileReference; fileEncoding = 4; lastKnownFileType = sourcecode.c.h; path = AFPropertyListRequestOperation.h; sourceTree = "<group>"; };
		7590C60817C98129003E147C /* AFPropertyListRequestOperation.m */ = {isa = PBXFileReference; fileEncoding = 4; lastKnownFileType = sourcecode.c.objc; path = AFPropertyListRequestOperation.m; sourceTree = "<group>"; };
		7590C60917C98129003E147C /* AFURLConnectionOperation.h */ = {isa = PBXFileReference; fileEncoding = 4; lastKnownFileType = sourcecode.c.h; path = AFURLConnectionOperation.h; sourceTree = "<group>"; };
		7590C60A17C98129003E147C /* AFURLConnectionOperation.m */ = {isa = PBXFileReference; fileEncoding = 4; lastKnownFileType = sourcecode.c.objc; path = AFURLConnectionOperation.m; sourceTree = "<group>"; };
		7590C60B17C98129003E147C /* AFXMLRequestOperation.h */ = {isa = PBXFileReference; fileEncoding = 4; lastKnownFileType = sourcecode.c.h; path = AFXMLRequestOperation.h; sourceTree = "<group>"; };
		7590C60C17C98129003E147C /* AFXMLRequestOperation.m */ = {isa = PBXFileReference; fileEncoding = 4; lastKnownFileType = sourcecode.c.objc; path = AFXMLRequestOperation.m; sourceTree = "<group>"; };
		7590C60D17C98129003E147C /* UIImageView+AFNetworking.h */ = {isa = PBXFileReference; fileEncoding = 4; lastKnownFileType = sourcecode.c.h; path = "UIImageView+AFNetworking.h"; sourceTree = "<group>"; };
		7590C60E17C98129003E147C /* UIImageView+AFNetworking.m */ = {isa = PBXFileReference; fileEncoding = 4; lastKnownFileType = sourcecode.c.objc; path = "UIImageView+AFNetworking.m"; sourceTree = "<group>"; };
		7590C61917C98159003E147C /* WinWinPayPalWebViewController.h */ = {isa = PBXFileReference; fileEncoding = 4; lastKnownFileType = sourcecode.c.h; path = WinWinPayPalWebViewController.h; sourceTree = "<group>"; };
		7590C61A17C98159003E147C /* WinWinPayPalWebViewController.m */ = {isa = PBXFileReference; fileEncoding = 4; lastKnownFileType = sourcecode.c.objc; path = WinWinPayPalWebViewController.m; sourceTree = "<group>"; };
		7590C61B17C98159003E147C /* WinWinPayPalWebViewController.xib */ = {isa = PBXFileReference; fileEncoding = 4; lastKnownFileType = file.xib; path = WinWinPayPalWebViewController.xib; sourceTree = "<group>"; };
		75924A8217C9190B00010F9A /* libPayPalMobile.a */ = {isa = PBXFileReference; lastKnownFileType = archive.ar; path = libPayPalMobile.a; sourceTree = "<group>"; };
		75924A8317C9190B00010F9A /* PayPalMobile.h */ = {isa = PBXFileReference; fileEncoding = 4; lastKnownFileType = sourcecode.c.h; path = PayPalMobile.h; sourceTree = "<group>"; };
		75924A8417C9190B00010F9A /* PayPalPayment.h */ = {isa = PBXFileReference; fileEncoding = 4; lastKnownFileType = sourcecode.c.h; path = PayPalPayment.h; sourceTree = "<group>"; };
		75924A8517C9190B00010F9A /* PayPalPaymentViewController.h */ = {isa = PBXFileReference; fileEncoding = 4; lastKnownFileType = sourcecode.c.h; path = PayPalPaymentViewController.h; sourceTree = "<group>"; };
		75924A8817C919AC00010F9A /* AVFoundation.framework */ = {isa = PBXFileReference; lastKnownFileType = wrapper.framework; name = AVFoundation.framework; path = System/Library/Frameworks/AVFoundation.framework; sourceTree = SDKROOT; };
		75924A8B17C919C700010F9A /* CoreMedia.framework */ = {isa = PBXFileReference; lastKnownFileType = wrapper.framework; name = CoreMedia.framework; path = System/Library/Frameworks/CoreMedia.framework; sourceTree = SDKROOT; };
		75924A8D17C919D200010F9A /* CoreVideo.framework */ = {isa = PBXFileReference; lastKnownFileType = wrapper.framework; name = CoreVideo.framework; path = System/Library/Frameworks/CoreVideo.framework; sourceTree = SDKROOT; };
		75924A8F17C919E000010F9A /* libxml2.dylib */ = {isa = PBXFileReference; lastKnownFileType = "compiled.mach-o.dylib"; name = libxml2.dylib; path = usr/lib/libxml2.dylib; sourceTree = SDKROOT; };
		75924A9117C919E800010F9A /* MessageUI.framework */ = {isa = PBXFileReference; lastKnownFileType = wrapper.framework; name = MessageUI.framework; path = System/Library/Frameworks/MessageUI.framework; sourceTree = SDKROOT; };
		75924A9317C91A2900010F9A /* OpenGLES.framework */ = {isa = PBXFileReference; lastKnownFileType = wrapper.framework; name = OpenGLES.framework; path = System/Library/Frameworks/OpenGLES.framework; sourceTree = SDKROOT; };
		75924A9617C921B800010F9A /* Constants.h */ = {isa = PBXFileReference; fileEncoding = 4; lastKnownFileType = sourcecode.c.h; path = Constants.h; sourceTree = "<group>"; };
		75B5917417CA15EE00DC664B /* Icon-72.png */ = {isa = PBXFileReference; lastKnownFileType = image.png; path = "Icon-72.png"; sourceTree = "<group>"; };
		75B5917517CA15EE00DC664B /* Icon-72@2x.png */ = {isa = PBXFileReference; lastKnownFileType = image.png; path = "Icon-72@2x.png"; sourceTree = "<group>"; };
		75B5917617CA15EE00DC664B /* Icon-Small-50.png */ = {isa = PBXFileReference; lastKnownFileType = image.png; path = "Icon-Small-50.png"; sourceTree = "<group>"; };
		75B5917717CA15EE00DC664B /* Icon-Small-50@2x.png */ = {isa = PBXFileReference; lastKnownFileType = image.png; path = "Icon-Small-50@2x.png"; sourceTree = "<group>"; };
		75B5917817CA15EE00DC664B /* Icon-Small.png */ = {isa = PBXFileReference; lastKnownFileType = image.png; path = "Icon-Small.png"; sourceTree = "<group>"; };
		75B5917917CA15EE00DC664B /* Icon-Small@2x.png */ = {isa = PBXFileReference; lastKnownFileType = image.png; path = "Icon-Small@2x.png"; sourceTree = "<group>"; };
		75B5917A17CA15EE00DC664B /* Icon.png */ = {isa = PBXFileReference; lastKnownFileType = image.png; path = Icon.png; sourceTree = "<group>"; };
		75B5917B17CA15EE00DC664B /* Icon@2x.png */ = {isa = PBXFileReference; lastKnownFileType = image.png; path = "Icon@2x.png"; sourceTree = "<group>"; };
		75B5917C17CA15EE00DC664B /* iTunesArtwork.png */ = {isa = PBXFileReference; lastKnownFileType = image.png; path = iTunesArtwork.png; sourceTree = "<group>"; };
		75B5917D17CA15EE00DC664B /* iTunesArtwork@2x.png */ = {isa = PBXFileReference; lastKnownFileType = image.png; path = "iTunesArtwork@2x.png"; sourceTree = "<group>"; };
		75B5918817CA17BB00DC664B /* twitter-logo.png */ = {isa = PBXFileReference; lastKnownFileType = image.png; path = "twitter-logo.png"; sourceTree = "<group>"; };
		75B5918C17CA1A7400DC664B /* signup@2px.png */ = {isa = PBXFileReference; lastKnownFileType = image.png; path = "signup@2px.png"; sourceTree = "<group>"; };
		75B5918F17CA1B2900DC664B /* signup.png */ = {isa = PBXFileReference; lastKnownFileType = image.png; path = signup.png; sourceTree = "<group>"; };
		75B5919117CA1B4E00DC664B /* signup-bg.png */ = {isa = PBXFileReference; lastKnownFileType = image.png; path = "signup-bg.png"; sourceTree = "<group>"; };
		75B5919317CA1B5E00DC664B /* signup-bg@2x.png */ = {isa = PBXFileReference; lastKnownFileType = image.png; path = "signup-bg@2x.png"; sourceTree = "<group>"; };
		75B5919517CA1CB100DC664B /* winwin-logo.png */ = {isa = PBXFileReference; lastKnownFileType = image.png; path = "winwin-logo.png"; sourceTree = "<group>"; };
		75B5919617CA1CB100DC664B /* winwin-logo@2x.png */ = {isa = PBXFileReference; lastKnownFileType = image.png; path = "winwin-logo@2x.png"; sourceTree = "<group>"; };
		75B5919917CA208E00DC664B /* facebook-logo.png */ = {isa = PBXFileReference; lastKnownFileType = image.png; path = "facebook-logo.png"; sourceTree = "<group>"; };
		75B5919A17CA208E00DC664B /* facebook-logo@2x.png */ = {isa = PBXFileReference; lastKnownFileType = image.png; path = "facebook-logo@2x.png"; sourceTree = "<group>"; };
		75B5919D17CA214700DC664B /* twitter-logo@2x.png */ = {isa = PBXFileReference; lastKnownFileType = image.png; path = "twitter-logo@2x.png"; sourceTree = "<group>"; };
		75B5919F17CA234900DC664B /* login-bg.png */ = {isa = PBXFileReference; lastKnownFileType = image.png; path = "login-bg.png"; sourceTree = "<group>"; };
		75B591A117CA235400DC664B /* login-bg@2x.png */ = {isa = PBXFileReference; lastKnownFileType = image.png; path = "login-bg@2x.png"; sourceTree = "<group>"; };
		75B591A317CA290D00DC664B /* winwin-detail-bg.png */ = {isa = PBXFileReference; lastKnownFileType = image.png; path = "winwin-detail-bg.png"; sourceTree = "<group>"; };
		75B591A517CA291500DC664B /* winwin-detail-bg@2x.png */ = {isa = PBXFileReference; lastKnownFileType = image.png; path = "winwin-detail-bg@2x.png"; sourceTree = "<group>"; };
		75DC985B17C87895005FC7BC /* AudioToolbox.framework */ = {isa = PBXFileReference; lastKnownFileType = wrapper.framework; name = AudioToolbox.framework; path = System/Library/Frameworks/AudioToolbox.framework; sourceTree = SDKROOT; };
		75DC985D17C878A9005FC7BC /* CFNetwork.framework */ = {isa = PBXFileReference; lastKnownFileType = wrapper.framework; name = CFNetwork.framework; path = System/Library/Frameworks/CFNetwork.framework; sourceTree = SDKROOT; };
		75DC985F17C878B7005FC7BC /* CoreLocation.framework */ = {isa = PBXFileReference; lastKnownFileType = wrapper.framework; name = CoreLocation.framework; path = System/Library/Frameworks/CoreLocation.framework; sourceTree = SDKROOT; };
		75DC986117C878C0005FC7BC /* libz.1.1.3.dylib */ = {isa = PBXFileReference; lastKnownFileType = "compiled.mach-o.dylib"; name = libz.1.1.3.dylib; path = usr/lib/libz.1.1.3.dylib; sourceTree = SDKROOT; };
		75DC986317C878C9005FC7BC /* MobileCoreServices.framework */ = {isa = PBXFileReference; lastKnownFileType = wrapper.framework; name = MobileCoreServices.framework; path = System/Library/Frameworks/MobileCoreServices.framework; sourceTree = SDKROOT; };
		75DC986517C878D1005FC7BC /* QuartzCore.framework */ = {isa = PBXFileReference; lastKnownFileType = wrapper.framework; name = QuartzCore.framework; path = System/Library/Frameworks/QuartzCore.framework; sourceTree = SDKROOT; };
		75DC986717C878D8005FC7BC /* Security.framework */ = {isa = PBXFileReference; lastKnownFileType = wrapper.framework; name = Security.framework; path = System/Library/Frameworks/Security.framework; sourceTree = SDKROOT; };
		75DC986917C878DE005FC7BC /* StoreKit.framework */ = {isa = PBXFileReference; lastKnownFileType = wrapper.framework; name = StoreKit.framework; path = System/Library/Frameworks/StoreKit.framework; sourceTree = SDKROOT; };
		75DC986B17C878E6005FC7BC /* SystemConfiguration.framework */ = {isa = PBXFileReference; lastKnownFileType = wrapper.framework; name = SystemConfiguration.framework; path = System/Library/Frameworks/SystemConfiguration.framework; sourceTree = SDKROOT; };
		EF0066B917C99ACE00F7F91D /* share-highlight.png */ = {isa = PBXFileReference; lastKnownFileType = image.png; path = "share-highlight.png"; sourceTree = "<group>"; };
		EF0066BA17C99ACE00F7F91D /* dollar-highlight@2x.png */ = {isa = PBXFileReference; lastKnownFileType = image.png; path = "dollar-highlight@2x.png"; sourceTree = "<group>"; };
		EF0066BB17C99ACE00F7F91D /* pencil-highlight.png */ = {isa = PBXFileReference; lastKnownFileType = image.png; path = "pencil-highlight.png"; sourceTree = "<group>"; };
		EF0066BC17C99ACE00F7F91D /* pencil-highlight@2x.png */ = {isa = PBXFileReference; lastKnownFileType = image.png; path = "pencil-highlight@2x.png"; sourceTree = "<group>"; };
		EF0066BD17C99ACE00F7F91D /* clock-highlight.png */ = {isa = PBXFileReference; lastKnownFileType = image.png; path = "clock-highlight.png"; sourceTree = "<group>"; };
		EF0066BE17C99ACE00F7F91D /* share-highlight@2x.png */ = {isa = PBXFileReference; lastKnownFileType = image.png; path = "share-highlight@2x.png"; sourceTree = "<group>"; };
		EF0066BF17C99ACE00F7F91D /* clock-highlight@2x.png */ = {isa = PBXFileReference; lastKnownFileType = image.png; path = "clock-highlight@2x.png"; sourceTree = "<group>"; };
		EF0066C017C99ACE00F7F91D /* dollar-highlight.png */ = {isa = PBXFileReference; lastKnownFileType = image.png; path = "dollar-highlight.png"; sourceTree = "<group>"; };
		EF0066C917C9A84B00F7F91D /* UIView+FirstResponder.h */ = {isa = PBXFileReference; fileEncoding = 4; lastKnownFileType = sourcecode.c.h; path = "UIView+FirstResponder.h"; sourceTree = "<group>"; };
		EF0066CA17C9A84B00F7F91D /* UIView+FirstResponder.m */ = {isa = PBXFileReference; fileEncoding = 4; lastKnownFileType = sourcecode.c.objc; path = "UIView+FirstResponder.m"; sourceTree = "<group>"; };
		EF33557F17C9429D00F94AA9 /* plus@2x.png */ = {isa = PBXFileReference; lastKnownFileType = image.png; path = "plus@2x.png"; sourceTree = "<group>"; };
		EF33558017C9429D00F94AA9 /* plus.png */ = {isa = PBXFileReference; lastKnownFileType = image.png; path = plus.png; sourceTree = "<group>"; };
		EF4773ED17C964E700FAB1F2 /* Macros.h */ = {isa = PBXFileReference; lastKnownFileType = sourcecode.c.h; path = Macros.h; sourceTree = "<group>"; };
		EF4773EE17C9652600FAB1F2 /* AddWinView.h */ = {isa = PBXFileReference; fileEncoding = 4; lastKnownFileType = sourcecode.c.h; path = AddWinView.h; sourceTree = "<group>"; };
		EF4773EF17C9652600FAB1F2 /* AddWinView.m */ = {isa = PBXFileReference; fileEncoding = 4; lastKnownFileType = sourcecode.c.objc; path = AddWinView.m; sourceTree = "<group>"; };
		EF4773F117C9653B00FAB1F2 /* AddWinView.xib */ = {isa = PBXFileReference; fileEncoding = 4; lastKnownFileType = file.xib; path = AddWinView.xib; sourceTree = "<group>"; };
		EF4773F317C97E0A00FAB1F2 /* pencil.png */ = {isa = PBXFileReference; lastKnownFileType = image.png; path = pencil.png; sourceTree = "<group>"; };
		EF4773F417C97E0A00FAB1F2 /* pencil@2x.png */ = {isa = PBXFileReference; lastKnownFileType = image.png; path = "pencil@2x.png"; sourceTree = "<group>"; };
		EF4773F517C97E0A00FAB1F2 /* clock@2x.png */ = {isa = PBXFileReference; lastKnownFileType = image.png; path = "clock@2x.png"; sourceTree = "<group>"; };
		EF4773F617C97E0A00FAB1F2 /* clock.png */ = {isa = PBXFileReference; lastKnownFileType = image.png; path = clock.png; sourceTree = "<group>"; };
		EF4773F717C97E0A00FAB1F2 /* dollar.png */ = {isa = PBXFileReference; lastKnownFileType = image.png; path = dollar.png; sourceTree = "<group>"; };
		EF4773F817C97E0A00FAB1F2 /* share@2x.png */ = {isa = PBXFileReference; lastKnownFileType = image.png; path = "share@2x.png"; sourceTree = "<group>"; };
		EF4773F917C97E0A00FAB1F2 /* dollar@2x.png */ = {isa = PBXFileReference; lastKnownFileType = image.png; path = "dollar@2x.png"; sourceTree = "<group>"; };
		EF4773FA17C97E0A00FAB1F2 /* share.png */ = {isa = PBXFileReference; lastKnownFileType = image.png; path = share.png; sourceTree = "<group>"; };
		EFFE879B17C95091002F9402 /* WinWinListViewController.h */ = {isa = PBXFileReference; fileEncoding = 4; lastKnownFileType = sourcecode.c.h; path = WinWinListViewController.h; sourceTree = "<group>"; };
		EFFE879C17C95091002F9402 /* WinWinListViewController.m */ = {isa = PBXFileReference; fileEncoding = 4; lastKnownFileType = sourcecode.c.objc; path = WinWinListViewController.m; sourceTree = "<group>"; };
		EFFE879E17C955E8002F9402 /* WinWinDetailViewController.h */ = {isa = PBXFileReference; fileEncoding = 4; lastKnownFileType = sourcecode.c.h; path = WinWinDetailViewController.h; sourceTree = "<group>"; };
		EFFE879F17C955E8002F9402 /* WinWinDetailViewController.m */ = {isa = PBXFileReference; fileEncoding = 4; lastKnownFileType = sourcecode.c.objc; path = WinWinDetailViewController.m; sourceTree = "<group>"; };
		EFFE87A017C955E8002F9402 /* WinWinDetailViewController.xib */ = {isa = PBXFileReference; fileEncoding = 4; lastKnownFileType = file.xib; path = WinWinDetailViewController.xib; sourceTree = "<group>"; };
/* End PBXFileReference section */

/* Begin PBXFrameworksBuildPhase section */
		758BB44717C874D7003551EA /* Frameworks */ = {
			isa = PBXFrameworksBuildPhase;
			buildActionMask = 2147483647;
			files = (
				75924A9417C91A2900010F9A /* OpenGLES.framework in Frameworks */,
				75DC987117C87920005FC7BC /* MobileCoreServices.framework in Frameworks */,
				75924A9217C919E800010F9A /* MessageUI.framework in Frameworks */,
				75924A9017C919E000010F9A /* libxml2.dylib in Frameworks */,
				75924A8E17C919D200010F9A /* CoreVideo.framework in Frameworks */,
				75924A8C17C919C700010F9A /* CoreMedia.framework in Frameworks */,
				75DC986D17C87920005FC7BC /* SystemConfiguration.framework in Frameworks */,
				75924A8A17C919BD00010F9A /* AVFoundation.framework in Frameworks */,
				75DC986E17C87920005FC7BC /* StoreKit.framework in Frameworks */,
				75DC986F17C87920005FC7BC /* Security.framework in Frameworks */,
				75DC987017C87920005FC7BC /* QuartzCore.framework in Frameworks */,
				75DC987217C87920005FC7BC /* libz.1.1.3.dylib in Frameworks */,
				75DC987317C87920005FC7BC /* CoreLocation.framework in Frameworks */,
				75DC987417C87920005FC7BC /* CFNetwork.framework in Frameworks */,
				75DC987517C87920005FC7BC /* AudioToolbox.framework in Frameworks */,
				758BB45217C874D7003551EA /* CoreGraphics.framework in Frameworks */,
				758BB44E17C874D7003551EA /* UIKit.framework in Frameworks */,
				758BB45017C874D7003551EA /* Foundation.framework in Frameworks */,
				758BB45417C874D7003551EA /* CoreData.framework in Frameworks */,
				755460FD17C88330009E5BE4 /* Parse.framework in Frameworks */,
				751ED8A917C8A4880015F05B /* FacebookSDK.framework in Frameworks */,
				75924A8617C9190B00010F9A /* libPayPalMobile.a in Frameworks */,
			);
			runOnlyForDeploymentPostprocessing = 0;
		};
/* End PBXFrameworksBuildPhase section */

/* Begin PBXGroup section */
		751ED89D17C88D430015F05B /* LoginViewController */ = {
			isa = PBXGroup;
			children = (
				751ED89A17C88C840015F05B /* WinWinLoginViewController.h */,
				751ED89B17C88C840015F05B /* WinWinLoginViewController.m */,
			);
			name = LoginViewController;
			sourceTree = "<group>";
		};
		751ED89E17C88D590015F05B /* SignUpViewController */ = {
			isa = PBXGroup;
			children = (
				751ED89F17C88DBE0015F05B /* WinWinSignUpViewController.h */,
				751ED8A017C88DBE0015F05B /* WinWinSignUpViewController.m */,
			);
			name = SignUpViewController;
			sourceTree = "<group>";
		};
		751ED8A717C891A00015F05B /* HomeViewController */ = {
			isa = PBXGroup;
			children = (
				751ED8A217C890A10015F05B /* WinWinHomeViewController.h */,
				751ED8A317C890A10015F05B /* WinWinHomeViewController.m */,
				751ED8A417C890A10015F05B /* WinWinHomeViewController.xib */,
			);
			name = HomeViewController;
			sourceTree = "<group>";
		};
		758BB44117C874D7003551EA = {
			isa = PBXGroup;
			children = (
				758BB45517C874D7003551EA /* WinWin */,
				758BB44C17C874D7003551EA /* Frameworks */,
				758BB44B17C874D7003551EA /* Products */,
			);
			sourceTree = "<group>";
		};
		758BB44B17C874D7003551EA /* Products */ = {
			isa = PBXGroup;
			children = (
				758BB44A17C874D7003551EA /* WinWin.app */,
			);
			name = Products;
			sourceTree = "<group>";
		};
		758BB44C17C874D7003551EA /* Frameworks */ = {
			isa = PBXGroup;
			children = (
				75924A9317C91A2900010F9A /* OpenGLES.framework */,
				75924A8D17C919D200010F9A /* CoreVideo.framework */,
				75924A8F17C919E000010F9A /* libxml2.dylib */,
				75924A9117C919E800010F9A /* MessageUI.framework */,
				75924A8B17C919C700010F9A /* CoreMedia.framework */,
				75924A8817C919AC00010F9A /* AVFoundation.framework */,
				751ED8A817C8A4880015F05B /* FacebookSDK.framework */,
				755460FC17C88330009E5BE4 /* Parse.framework */,
				75DC986B17C878E6005FC7BC /* SystemConfiguration.framework */,
				75DC986917C878DE005FC7BC /* StoreKit.framework */,
				75DC986717C878D8005FC7BC /* Security.framework */,
				75DC986517C878D1005FC7BC /* QuartzCore.framework */,
				75DC986317C878C9005FC7BC /* MobileCoreServices.framework */,
				75DC986117C878C0005FC7BC /* libz.1.1.3.dylib */,
				75DC985F17C878B7005FC7BC /* CoreLocation.framework */,
				75DC985D17C878A9005FC7BC /* CFNetwork.framework */,
				75DC985B17C87895005FC7BC /* AudioToolbox.framework */,
				758BB44D17C874D7003551EA /* UIKit.framework */,
				758BB44F17C874D7003551EA /* Foundation.framework */,
				758BB45117C874D7003551EA /* CoreGraphics.framework */,
				758BB45317C874D7003551EA /* CoreData.framework */,
			);
			name = Frameworks;
			sourceTree = "<group>";
		};
		758BB45517C874D7003551EA /* WinWin */ = {
			isa = PBXGroup;
			children = (
				7590C61817C98141003E147C /* PayPalWebViewController */,
				75924A8717C9191000010F9A /* Libraries */,
				751ED89E17C88D590015F05B /* SignUpViewController */,
				751ED89D17C88D430015F05B /* LoginViewController */,
				751ED8A717C891A00015F05B /* HomeViewController */,
				EF47739E17C95C1100FAB1F2 /* ListViewController */,
				EF47739F17C95C2600FAB1F2 /* DetailViewController */,
				758BB45E17C874D7003551EA /* AppDelegate.h */,
				758BB45F17C874D7003551EA /* AppDelegate.m */,
				758BB46717C874D7003551EA /* WinWin.xcdatamodeld */,
				75924A9617C921B800010F9A /* Constants.h */,
				EF0066C917C9A84B00F7F91D /* UIView+FirstResponder.h */,
				EF0066CA17C9A84B00F7F91D /* UIView+FirstResponder.m */,
				758BB45617C874D7003551EA /* Supporting Files */,
			);
			path = WinWin;
			sourceTree = "<group>";
		};
		758BB45617C874D7003551EA /* Supporting Files */ = {
			isa = PBXGroup;
			children = (
				75B5918A17CA199F00DC664B /* LoginSignupOld */,
				75B5917317CA15DF00DC664B /* App Icons */,
				758BB45717C874D7003551EA /* WinWin-Info.plist */,
				758BB45817C874D7003551EA /* InfoPlist.strings */,
				758BB45B17C874D7003551EA /* main.m */,
				758BB45D17C874D7003551EA /* WinWin-Prefix.pch */,
				758BB46117C874D7003551EA /* Default.png */,
				758BB46317C874D7003551EA /* Default@2x.png */,
				758BB46517C874D7003551EA /* Default-568h@2x.png */,
				EF0066B817C99AC100F7F91D /* Images */,
				EF4773ED17C964E700FAB1F2 /* Macros.h */,
			);
			name = "Supporting Files";
			sourceTree = "<group>";
		};
		7590C5FB17C98129003E147C /* AFNetworking */ = {
			isa = PBXGroup;
			children = (
				7590C5FC17C98129003E147C /* AFHTTPClient.h */,
				7590C5FD17C98129003E147C /* AFHTTPClient.m */,
				7590C5FE17C98129003E147C /* AFHTTPRequestOperation.h */,
				7590C5FF17C98129003E147C /* AFHTTPRequestOperation.m */,
				7590C60017C98129003E147C /* AFImageRequestOperation.h */,
				7590C60117C98129003E147C /* AFImageRequestOperation.m */,
				7590C60217C98129003E147C /* AFJSONRequestOperation.h */,
				7590C60317C98129003E147C /* AFJSONRequestOperation.m */,
				7590C60417C98129003E147C /* AFNetworkActivityIndicatorManager.h */,
				7590C60517C98129003E147C /* AFNetworkActivityIndicatorManager.m */,
				7590C60617C98129003E147C /* AFNetworking.h */,
				7590C60717C98129003E147C /* AFPropertyListRequestOperation.h */,
				7590C60817C98129003E147C /* AFPropertyListRequestOperation.m */,
				7590C60917C98129003E147C /* AFURLConnectionOperation.h */,
				7590C60A17C98129003E147C /* AFURLConnectionOperation.m */,
				7590C60B17C98129003E147C /* AFXMLRequestOperation.h */,
				7590C60C17C98129003E147C /* AFXMLRequestOperation.m */,
				7590C60D17C98129003E147C /* UIImageView+AFNetworking.h */,
				7590C60E17C98129003E147C /* UIImageView+AFNetworking.m */,
			);
			path = AFNetworking;
			sourceTree = "<group>";
		};
		7590C61817C98141003E147C /* PayPalWebViewController */ = {
			isa = PBXGroup;
			children = (
				7590C61917C98159003E147C /* WinWinPayPalWebViewController.h */,
				7590C61A17C98159003E147C /* WinWinPayPalWebViewController.m */,
				7590C61B17C98159003E147C /* WinWinPayPalWebViewController.xib */,
			);
			name = PayPalWebViewController;
			sourceTree = "<group>";
		};
		75924A8117C9190B00010F9A /* PayPalMobile */ = {
			isa = PBXGroup;
			children = (
				75924A8217C9190B00010F9A /* libPayPalMobile.a */,
				75924A8317C9190B00010F9A /* PayPalMobile.h */,
				75924A8417C9190B00010F9A /* PayPalPayment.h */,
				75924A8517C9190B00010F9A /* PayPalPaymentViewController.h */,
			);
			path = PayPalMobile;
			sourceTree = "<group>";
		};
		75924A8717C9191000010F9A /* Libraries */ = {
			isa = PBXGroup;
			children = (
				7590C5FB17C98129003E147C /* AFNetworking */,
				75924A8117C9190B00010F9A /* PayPalMobile */,
			);
			name = Libraries;
			sourceTree = "<group>";
		};
		75B5917317CA15DF00DC664B /* App Icons */ = {
			isa = PBXGroup;
			children = (
				75B5917417CA15EE00DC664B /* Icon-72.png */,
				75B5917517CA15EE00DC664B /* Icon-72@2x.png */,
				75B5917617CA15EE00DC664B /* Icon-Small-50.png */,
				75B5917717CA15EE00DC664B /* Icon-Small-50@2x.png */,
				75B5917817CA15EE00DC664B /* Icon-Small.png */,
				75B5917917CA15EE00DC664B /* Icon-Small@2x.png */,
				75B5917A17CA15EE00DC664B /* Icon.png */,
				75B5917B17CA15EE00DC664B /* Icon@2x.png */,
				75B5917C17CA15EE00DC664B /* iTunesArtwork.png */,
				75B5917D17CA15EE00DC664B /* iTunesArtwork@2x.png */,
			);
			name = "App Icons";
			sourceTree = "<group>";
		};
		75B5918A17CA199F00DC664B /* LoginSignupOld */ = {
			isa = PBXGroup;
			children = (
			);
			name = LoginSignupOld;
			sourceTree = "<group>";
		};
		EF0066B817C99AC100F7F91D /* Images */ = {
			isa = PBXGroup;
			children = (
				75B591A317CA290D00DC664B /* winwin-detail-bg.png */,
				75B591A517CA291500DC664B /* winwin-detail-bg@2x.png */,
				75B5919F17CA234900DC664B /* login-bg.png */,
				75B591A117CA235400DC664B /* login-bg@2x.png */,
				75B5919D17CA214700DC664B /* twitter-logo@2x.png */,
				75B5919917CA208E00DC664B /* facebook-logo.png */,
				75B5919A17CA208E00DC664B /* facebook-logo@2x.png */,
				75B5919517CA1CB100DC664B /* winwin-logo.png */,
				75B5919617CA1CB100DC664B /* winwin-logo@2x.png */,
				75B5918F17CA1B2900DC664B /* signup.png */,
				75B5919317CA1B5E00DC664B /* signup-bg@2x.png */,
				75B5919117CA1B4E00DC664B /* signup-bg.png */,
				75B5918C17CA1A7400DC664B /* signup@2px.png */,
				75B5918817CA17BB00DC664B /* twitter-logo.png */,
				EF33558017C9429D00F94AA9 /* plus.png */,
				EF33557F17C9429D00F94AA9 /* plus@2x.png */,
				EF4773F317C97E0A00FAB1F2 /* pencil.png */,
				EF4773F417C97E0A00FAB1F2 /* pencil@2x.png */,
				EF0066BB17C99ACE00F7F91D /* pencil-highlight.png */,
				EF0066BC17C99ACE00F7F91D /* pencil-highlight@2x.png */,
				EF4773F617C97E0A00FAB1F2 /* clock.png */,
				EF4773F517C97E0A00FAB1F2 /* clock@2x.png */,
				EF0066BD17C99ACE00F7F91D /* clock-highlight.png */,
				EF0066BF17C99ACE00F7F91D /* clock-highlight@2x.png */,
				EF4773F717C97E0A00FAB1F2 /* dollar.png */,
				EF4773F917C97E0A00FAB1F2 /* dollar@2x.png */,
				EF0066C017C99ACE00F7F91D /* dollar-highlight.png */,
				EF0066BA17C99ACE00F7F91D /* dollar-highlight@2x.png */,
				EF4773FA17C97E0A00FAB1F2 /* share.png */,
				EF4773F817C97E0A00FAB1F2 /* share@2x.png */,
				EF0066B917C99ACE00F7F91D /* share-highlight.png */,
				EF0066BE17C99ACE00F7F91D /* share-highlight@2x.png */,
			);
			name = Images;
			sourceTree = "<group>";
		};
		EF47739E17C95C1100FAB1F2 /* ListViewController */ = {
			isa = PBXGroup;
			children = (
				EFFE879B17C95091002F9402 /* WinWinListViewController.h */,
				EFFE879C17C95091002F9402 /* WinWinListViewController.m */,
				EF4773EE17C9652600FAB1F2 /* AddWinView.h */,
				EF4773EF17C9652600FAB1F2 /* AddWinView.m */,
				EF4773F117C9653B00FAB1F2 /* AddWinView.xib */,
			);
			name = ListViewController;
			sourceTree = "<group>";
		};
		EF47739F17C95C2600FAB1F2 /* DetailViewController */ = {
			isa = PBXGroup;
			children = (
				EFFE879E17C955E8002F9402 /* WinWinDetailViewController.h */,
				EFFE879F17C955E8002F9402 /* WinWinDetailViewController.m */,
				EFFE87A017C955E8002F9402 /* WinWinDetailViewController.xib */,
			);
			name = DetailViewController;
			sourceTree = "<group>";
		};
/* End PBXGroup section */

/* Begin PBXNativeTarget section */
		758BB44917C874D7003551EA /* WinWin */ = {
			isa = PBXNativeTarget;
			buildConfigurationList = 758BB46C17C874D7003551EA /* Build configuration list for PBXNativeTarget "WinWin" */;
			buildPhases = (
				758BB44617C874D7003551EA /* Sources */,
				758BB44717C874D7003551EA /* Frameworks */,
				758BB44817C874D7003551EA /* Resources */,
			);
			buildRules = (
			);
			dependencies = (
			);
			name = WinWin;
			productName = WinWin;
			productReference = 758BB44A17C874D7003551EA /* WinWin.app */;
			productType = "com.apple.product-type.application";
		};
/* End PBXNativeTarget section */

/* Begin PBXProject section */
		758BB44217C874D7003551EA /* Project object */ = {
			isa = PBXProject;
			attributes = {
				LastUpgradeCheck = 0460;
				ORGANIZATIONNAME = "Serdar Karatekin";
			};
			buildConfigurationList = 758BB44517C874D7003551EA /* Build configuration list for PBXProject "WinWin" */;
			compatibilityVersion = "Xcode 3.2";
			developmentRegion = English;
			hasScannedForEncodings = 0;
			knownRegions = (
				en,
			);
			mainGroup = 758BB44117C874D7003551EA;
			productRefGroup = 758BB44B17C874D7003551EA /* Products */;
			projectDirPath = "";
			projectRoot = "";
			targets = (
				758BB44917C874D7003551EA /* WinWin */,
			);
		};
/* End PBXProject section */

/* Begin PBXResourcesBuildPhase section */
		758BB44817C874D7003551EA /* Resources */ = {
			isa = PBXResourcesBuildPhase;
			buildActionMask = 2147483647;
			files = (
				758BB45A17C874D7003551EA /* InfoPlist.strings in Resources */,
				758BB46217C874D7003551EA /* Default.png in Resources */,
				EF33558117C9429D00F94AA9 /* plus@2x.png in Resources */,
				758BB46417C874D7003551EA /* Default@2x.png in Resources */,
				758BB46617C874D7003551EA /* Default-568h@2x.png in Resources */,
				EFFE87A217C955E8002F9402 /* WinWinDetailViewController.xib in Resources */,
				EF33558217C9429D00F94AA9 /* plus.png in Resources */,
				751ED8A617C890A10015F05B /* WinWinHomeViewController.xib in Resources */,
				EF4773F217C9653B00FAB1F2 /* AddWinView.xib in Resources */,
				EF4773FB17C97E0A00FAB1F2 /* pencil.png in Resources */,
				EF4773FC17C97E0A00FAB1F2 /* pencil@2x.png in Resources */,
				EF4773FD17C97E0A00FAB1F2 /* clock@2x.png in Resources */,
				EF4773FE17C97E0A00FAB1F2 /* clock.png in Resources */,
				EF4773FF17C97E0A00FAB1F2 /* dollar.png in Resources */,
				EF47740017C97E0A00FAB1F2 /* share@2x.png in Resources */,
				EF47740117C97E0A00FAB1F2 /* dollar@2x.png in Resources */,
				EF47740217C97E0A00FAB1F2 /* share.png in Resources */,
				7590C61D17C98159003E147C /* WinWinPayPalWebViewController.xib in Resources */,
				EF0066C117C99ACE00F7F91D /* share-highlight.png in Resources */,
				EF0066C217C99ACE00F7F91D /* dollar-highlight@2x.png in Resources */,
				EF0066C317C99ACE00F7F91D /* pencil-highlight.png in Resources */,
				EF0066C417C99ACE00F7F91D /* pencil-highlight@2x.png in Resources */,
				EF0066C517C99ACE00F7F91D /* clock-highlight.png in Resources */,
				EF0066C617C99ACE00F7F91D /* share-highlight@2x.png in Resources */,
				EF0066C717C99ACE00F7F91D /* clock-highlight@2x.png in Resources */,
				EF0066C817C99ACE00F7F91D /* dollar-highlight.png in Resources */,
				75B5917E17CA15EE00DC664B /* Icon-72.png in Resources */,
				75B5917F17CA15EE00DC664B /* Icon-72@2x.png in Resources */,
				75B5918017CA15EE00DC664B /* Icon-Small-50.png in Resources */,
				75B5918117CA15EE00DC664B /* Icon-Small-50@2x.png in Resources */,
				75B5918217CA15EE00DC664B /* Icon-Small.png in Resources */,
				75B5918317CA15EE00DC664B /* Icon-Small@2x.png in Resources */,
				75B5918417CA15EE00DC664B /* Icon.png in Resources */,
				75B5918517CA15EE00DC664B /* Icon@2x.png in Resources */,
				75B5918617CA15EE00DC664B /* iTunesArtwork.png in Resources */,
				75B5918717CA15EE00DC664B /* iTunesArtwork@2x.png in Resources */,
				75B5918917CA17BB00DC664B /* twitter-logo.png in Resources */,
				75B5918E17CA1A7400DC664B /* signup@2px.png in Resources */,
				75B5919017CA1B2900DC664B /* signup.png in Resources */,
				75B5919217CA1B4E00DC664B /* signup-bg.png in Resources */,
				75B5919417CA1B5E00DC664B /* signup-bg@2x.png in Resources */,
				75B5919717CA1CB100DC664B /* winwin-logo.png in Resources */,
				75B5919817CA1CB100DC664B /* winwin-logo@2x.png in Resources */,
				75B5919B17CA208E00DC664B /* facebook-logo.png in Resources */,
				75B5919C17CA208E00DC664B /* facebook-logo@2x.png in Resources */,
				75B5919E17CA214700DC664B /* twitter-logo@2x.png in Resources */,
				75B591A017CA234900DC664B /* login-bg.png in Resources */,
				75B591A217CA235400DC664B /* login-bg@2x.png in Resources */,
				75B591A417CA290D00DC664B /* winwin-detail-bg.png in Resources */,
				75B591A617CA291500DC664B /* winwin-detail-bg@2x.png in Resources */,
			);
			runOnlyForDeploymentPostprocessing = 0;
		};
/* End PBXResourcesBuildPhase section */

/* Begin PBXSourcesBuildPhase section */
		758BB44617C874D7003551EA /* Sources */ = {
			isa = PBXSourcesBuildPhase;
			buildActionMask = 2147483647;
			files = (
				758BB45C17C874D7003551EA /* main.m in Sources */,
				758BB46017C874D7003551EA /* AppDelegate.m in Sources */,
				758BB46917C874D7003551EA /* WinWin.xcdatamodeld in Sources */,
				751ED89C17C88C840015F05B /* WinWinLoginViewController.m in Sources */,
				EFFE879D17C95091002F9402 /* WinWinListViewController.m in Sources */,
				EFFE87A117C955E8002F9402 /* WinWinDetailViewController.m in Sources */,
				751ED8A117C88DBE0015F05B /* WinWinSignUpViewController.m in Sources */,
				751ED8A517C890A10015F05B /* WinWinHomeViewController.m in Sources */,
				EF4773F017C9652600FAB1F2 /* AddWinView.m in Sources */,
				7590C60F17C98129003E147C /* AFHTTPClient.m in Sources */,
				7590C61017C98129003E147C /* AFHTTPRequestOperation.m in Sources */,
				7590C61117C98129003E147C /* AFImageRequestOperation.m in Sources */,
				7590C61217C98129003E147C /* AFJSONRequestOperation.m in Sources */,
				7590C61317C98129003E147C /* AFNetworkActivityIndicatorManager.m in Sources */,
				7590C61417C98129003E147C /* AFPropertyListRequestOperation.m in Sources */,
				7590C61517C98129003E147C /* AFURLConnectionOperation.m in Sources */,
				7590C61617C98129003E147C /* AFXMLRequestOperation.m in Sources */,
				7590C61717C98129003E147C /* UIImageView+AFNetworking.m in Sources */,
				7590C61C17C98159003E147C /* WinWinPayPalWebViewController.m in Sources */,
				EF0066CB17C9A84B00F7F91D /* UIView+FirstResponder.m in Sources */,
			);
			runOnlyForDeploymentPostprocessing = 0;
		};
/* End PBXSourcesBuildPhase section */

/* Begin PBXVariantGroup section */
		758BB45817C874D7003551EA /* InfoPlist.strings */ = {
			isa = PBXVariantGroup;
			children = (
				758BB45917C874D7003551EA /* en */,
			);
			name = InfoPlist.strings;
			sourceTree = "<group>";
		};
/* End PBXVariantGroup section */

/* Begin XCBuildConfiguration section */
		758BB46A17C874D7003551EA /* Debug */ = {
			isa = XCBuildConfiguration;
			buildSettings = {
				ALWAYS_SEARCH_USER_PATHS = NO;
				CLANG_CXX_LANGUAGE_STANDARD = "gnu++0x";
				CLANG_CXX_LIBRARY = "libc++";
				CLANG_ENABLE_OBJC_ARC = YES;
				CLANG_WARN_CONSTANT_CONVERSION = YES;
				CLANG_WARN_EMPTY_BODY = YES;
				CLANG_WARN_ENUM_CONVERSION = YES;
				CLANG_WARN_INT_CONVERSION = YES;
				CLANG_WARN__DUPLICATE_METHOD_MATCH = YES;
				"CODE_SIGN_IDENTITY[sdk=iphoneos*]" = "iPhone Developer";
				COPY_PHASE_STRIP = NO;
				GCC_C_LANGUAGE_STANDARD = gnu99;
				GCC_DYNAMIC_NO_PIC = NO;
				GCC_OPTIMIZATION_LEVEL = 0;
				GCC_PREPROCESSOR_DEFINITIONS = (
					"DEBUG=1",
					"$(inherited)",
				);
				GCC_SYMBOLS_PRIVATE_EXTERN = NO;
				GCC_WARN_ABOUT_RETURN_TYPE = YES;
				GCC_WARN_UNINITIALIZED_AUTOS = YES;
				GCC_WARN_UNUSED_VARIABLE = YES;
				IPHONEOS_DEPLOYMENT_TARGET = 6.1;
				ONLY_ACTIVE_ARCH = YES;
				SDKROOT = iphoneos;
			};
			name = Debug;
		};
		758BB46B17C874D7003551EA /* Release */ = {
			isa = XCBuildConfiguration;
			buildSettings = {
				ALWAYS_SEARCH_USER_PATHS = NO;
				CLANG_CXX_LANGUAGE_STANDARD = "gnu++0x";
				CLANG_CXX_LIBRARY = "libc++";
				CLANG_ENABLE_OBJC_ARC = YES;
				CLANG_WARN_CONSTANT_CONVERSION = YES;
				CLANG_WARN_EMPTY_BODY = YES;
				CLANG_WARN_ENUM_CONVERSION = YES;
				CLANG_WARN_INT_CONVERSION = YES;
				CLANG_WARN__DUPLICATE_METHOD_MATCH = YES;
				"CODE_SIGN_IDENTITY[sdk=iphoneos*]" = "iPhone Developer";
				COPY_PHASE_STRIP = YES;
				GCC_C_LANGUAGE_STANDARD = gnu99;
				GCC_WARN_ABOUT_RETURN_TYPE = YES;
				GCC_WARN_UNINITIALIZED_AUTOS = YES;
				GCC_WARN_UNUSED_VARIABLE = YES;
				IPHONEOS_DEPLOYMENT_TARGET = 6.1;
				OTHER_CFLAGS = "-DNS_BLOCK_ASSERTIONS=1";
				SDKROOT = iphoneos;
				VALIDATE_PRODUCT = YES;
			};
			name = Release;
		};
		758BB46D17C874D7003551EA /* Debug */ = {
			isa = XCBuildConfiguration;
			buildSettings = {
				FRAMEWORK_SEARCH_PATHS = (
					"$(inherited)",
					"\"$(SRCROOT)\"",
					"\"$(SRCROOT)/WinWin\"",
				);
				GCC_PRECOMPILE_PREFIX_HEADER = YES;
				GCC_PREFIX_HEADER = "WinWin/WinWin-Prefix.pch";
				INFOPLIST_FILE = "WinWin/WinWin-Info.plist";
				LIBRARY_SEARCH_PATHS = (
					"$(inherited)",
					"\"$(SRCROOT)/WinWin/PayPalMobile\"",
				);
				OTHER_LDFLAGS = (
					"-lc++",
					"-ObjC",
				);
				PRODUCT_NAME = "$(TARGET_NAME)";
				TARGETED_DEVICE_FAMILY = 1;
				WRAPPER_EXTENSION = app;
			};
			name = Debug;
		};
		758BB46E17C874D7003551EA /* Release */ = {
			isa = XCBuildConfiguration;
			buildSettings = {
				FRAMEWORK_SEARCH_PATHS = (
					"$(inherited)",
					"\"$(SRCROOT)\"",
					"\"$(SRCROOT)/WinWin\"",
				);
				GCC_PRECOMPILE_PREFIX_HEADER = YES;
				GCC_PREFIX_HEADER = "WinWin/WinWin-Prefix.pch";
				INFOPLIST_FILE = "WinWin/WinWin-Info.plist";
				LIBRARY_SEARCH_PATHS = (
					"$(inherited)",
					"\"$(SRCROOT)/WinWin/PayPalMobile\"",
				);
				OTHER_LDFLAGS = (
					"-lc++",
					"-ObjC",
				);
				PRODUCT_NAME = "$(TARGET_NAME)";
				TARGETED_DEVICE_FAMILY = 1;
				WRAPPER_EXTENSION = app;
			};
			name = Release;
		};
/* End XCBuildConfiguration section */

/* Begin XCConfigurationList section */
		758BB44517C874D7003551EA /* Build configuration list for PBXProject "WinWin" */ = {
			isa = XCConfigurationList;
			buildConfigurations = (
				758BB46A17C874D7003551EA /* Debug */,
				758BB46B17C874D7003551EA /* Release */,
			);
			defaultConfigurationIsVisible = 0;
			defaultConfigurationName = Release;
		};
		758BB46C17C874D7003551EA /* Build configuration list for PBXNativeTarget "WinWin" */ = {
			isa = XCConfigurationList;
			buildConfigurations = (
				758BB46D17C874D7003551EA /* Debug */,
				758BB46E17C874D7003551EA /* Release */,
			);
			defaultConfigurationIsVisible = 0;
			defaultConfigurationName = Release;
		};
/* End XCConfigurationList section */

/* Begin XCVersionGroup section */
		758BB46717C874D7003551EA /* WinWin.xcdatamodeld */ = {
			isa = XCVersionGroup;
			children = (
				758BB46817C874D7003551EA /* WinWin.xcdatamodel */,
			);
			currentVersion = 758BB46817C874D7003551EA /* WinWin.xcdatamodel */;
			path = WinWin.xcdatamodeld;
			sourceTree = "<group>";
			versionGroupType = wrapper.xcdatamodel;
		};
/* End XCVersionGroup section */
	};
	rootObject = 758BB44217C874D7003551EA /* Project object */;
}
